
Microsoft Visual Studio Solution File, Format Version 12.00
# Visual Studio 2012
Project("{FAE04EC0-301F-11D3-BF4B-00C04F79EFBC}") = "Service", "Services\Service.csproj", "{0F687E3E-1053-4DED-A26E-90444DDD9F3B}"
EndProject
Project("{FAE04EC0-301F-11D3-BF4B-00C04F79EFBC}") = "SisBio", "Sisbio\SisBio.csproj", "{DF121D11-36AC-4E67-A8C1-3D1082598888}"
EndProject
Global
	GlobalSection(SolutionConfigurationPlatforms) = preSolution
		Debug|Any CPU = Debug|Any CPU
		Release|Any CPU = Release|Any CPU
	EndGlobalSection
	GlobalSection(ProjectConfigurationPlatforms) = postSolution
		{0F687E3E-1053-4DED-A26E-90444DDD9F3B}.Debug|Any CPU.ActiveCfg = Debug|Any CPU
		{0F687E3E-1053-4DED-A26E-90444DDD9F3B}.Debug|Any CPU.Build.0 = Debug|Any CPU
		{0F687E3E-1053-4DED-A26E-90444DDD9F3B}.Release|Any CPU.ActiveCfg = Release|Any CPU
		{0F687E3E-1053-4DED-A26E-90444DDD9F3B}.Release|Any CPU.Build.0 = Release|Any CPU
		{DF121D11-36AC-4E67-A8C1-3D1082598888}.Debug|Any CPU.ActiveCfg = Debug|Any CPU
		{DF121D11-36AC-4E67-A8C1-3D1082598888}.Debug|Any CPU.Build.0 = Debug|Any CPU
		{DF121D11-36AC-4E67-A8C1-3D1082598888}.Release|Any CPU.ActiveCfg = Release|Any CPU
		{DF121D11-36AC-4E67-A8C1-3D1082598888}.Release|Any CPU.Build.0 = Release|Any CPU
	EndGlobalSection
	GlobalSection(SolutionProperties) = preSolution
		HideSolutionNode = FALSE
	EndGlobalSection
EndGlobal
